
Microsoft Visual Studio Solution File, Format Version 12.00
# Visual Studio Version 17
VisualStudioVersion = 17.13.35828.75 d17.13
MinimumVisualStudioVersion = 10.0.40219.1
Project("{FAE04EC0-301F-11D3-BF4B-00C04F79EFBC}") = "LumelAnalytics", "LumelBEAssessment\LumelAnalytics.csproj", "{3F04A70E-51C1-433D-9B2E-75BC9DD74260}"
EndProject
Project("{FAE04EC0-301F-11D3-BF4B-00C04F79EFBC}") = "LumelService", "LumelService\LumelService.csproj", "{95C6F8A4-0761-472B-B6CA-62C310165F41}"
EndProject
Project("{FAE04EC0-301F-11D3-BF4B-00C04F79EFBC}") = "Persistence", "Persistence\Persistence.csproj", "{4137CA82-9689-449B-A762-0E5386DF489E}"
EndProject
Global
	GlobalSection(SolutionConfigurationPlatforms) = preSolution
		Debug|Any CPU = Debug|Any CPU
		Release|Any CPU = Release|Any CPU
	EndGlobalSection
	GlobalSection(ProjectConfigurationPlatforms) = postSolution
		{3F04A70E-51C1-433D-9B2E-75BC9DD74260}.Debug|Any CPU.ActiveCfg = Debug|Any CPU
		{3F04A70E-51C1-433D-9B2E-75BC9DD74260}.Debug|Any CPU.Build.0 = Debug|Any CPU
		{3F04A70E-51C1-433D-9B2E-75BC9DD74260}.Release|Any CPU.ActiveCfg = Release|Any CPU
		{3F04A70E-51C1-433D-9B2E-75BC9DD74260}.Release|Any CPU.Build.0 = Release|Any CPU
		{95C6F8A4-0761-472B-B6CA-62C310165F41}.Debug|Any CPU.ActiveCfg = Debug|Any CPU
		{95C6F8A4-0761-472B-B6CA-62C310165F41}.Debug|Any CPU.Build.0 = Debug|Any CPU
		{95C6F8A4-0761-472B-B6CA-62C310165F41}.Release|Any CPU.ActiveCfg = Release|Any CPU
		{95C6F8A4-0761-472B-B6CA-62C310165F41}.Release|Any CPU.Build.0 = Release|Any CPU
		{4137CA82-9689-449B-A762-0E5386DF489E}.Debug|Any CPU.ActiveCfg = Debug|Any CPU
		{4137CA82-9689-449B-A762-0E5386DF489E}.Debug|Any CPU.Build.0 = Debug|Any CPU
		{4137CA82-9689-449B-A762-0E5386DF489E}.Release|Any CPU.ActiveCfg = Release|Any CPU
		{4137CA82-9689-449B-A762-0E5386DF489E}.Release|Any CPU.Build.0 = Release|Any CPU
	EndGlobalSection
	GlobalSection(SolutionProperties) = preSolution
		HideSolutionNode = FALSE
	EndGlobalSection
	GlobalSection(ExtensibilityGlobals) = postSolution
		SolutionGuid = {20472228-0C95-4302-AD14-A0292A213B2F}
	EndGlobalSection
EndGlobal
